
Microsoft Visual Studio Solution File, Format Version 12.00
# Visual Studio Version 17
VisualStudioVersion = 17.6.33829.357
MinimumVisualStudioVersion = 10.0.40219.1
Project("{FAE04EC0-301F-11D3-BF4B-00C04F79EFBC}") = "NZWalks.API", "NZWalks.API\NZWalks.API.csproj", "{4ACFDA60-CE16-4A8B-BAEC-C079C7D9236A}"
EndProject
Global
	GlobalSection(SolutionConfigurationPlatforms) = preSolution
		Debug|Any CPU = Debug|Any CPU
		Release|Any CPU = Release|Any CPU
	EndGlobalSection
	GlobalSection(ProjectConfigurationPlatforms) = postSolution
		{4ACFDA60-CE16-4A8B-BAEC-C079C7D9236A}.Debug|Any CPU.ActiveCfg = Debug|Any CPU
		{4ACFDA60-CE16-4A8B-BAEC-C079C7D9236A}.Debug|Any CPU.Build.0 = Debug|Any CPU
		{4ACFDA60-CE16-4A8B-BAEC-C079C7D9236A}.Release|Any CPU.ActiveCfg = Release|Any CPU
		{4ACFDA60-CE16-4A8B-BAEC-C079C7D9236A}.Release|Any CPU.Build.0 = Release|Any CPU
	EndGlobalSection
	GlobalSection(SolutionProperties) = preSolution
		HideSolutionNode = FALSE
	EndGlobalSection
	GlobalSection(ExtensibilityGlobals) = postSolution
		SolutionGuid = {C0E4D28C-17FF-4061-A61A-55FF833E787D}
	EndGlobalSection
EndGlobal
